
Microsoft Visual Studio Solution File, Format Version 12.00
# Visual Studio Version 16
VisualStudioVersion = 16.0.29728.190
MinimumVisualStudioVersion = 10.0.40219.1
Project("{FAE04EC0-301F-11D3-BF4B-00C04F79EFBC}") = "sorting", "sorting\sorting.csproj", "{A96BDF80-D1CA-4923-BF62-4532EBC5B00A}"
EndProject
Project("{FAE04EC0-301F-11D3-BF4B-00C04F79EFBC}") = "test", "test\test.csproj", "{8228827F-60B6-4006-BFCF-B7FDC077C427}"
EndProject
Project("{FAE04EC0-301F-11D3-BF4B-00C04F79EFBC}") = "writter", "writter\writter.csproj", "{A84C0E5E-31FD-4435-96A9-085F959BEF93}"
EndProject
Global
	GlobalSection(SolutionConfigurationPlatforms) = preSolution
		Debug|Any CPU = Debug|Any CPU
		Release|Any CPU = Release|Any CPU
	EndGlobalSection
	GlobalSection(ProjectConfigurationPlatforms) = postSolution
		{A96BDF80-D1CA-4923-BF62-4532EBC5B00A}.Debug|Any CPU.ActiveCfg = Debug|Any CPU
		{A96BDF80-D1CA-4923-BF62-4532EBC5B00A}.Debug|Any CPU.Build.0 = Debug|Any CPU
		{A96BDF80-D1CA-4923-BF62-4532EBC5B00A}.Release|Any CPU.ActiveCfg = Release|Any CPU
		{A96BDF80-D1CA-4923-BF62-4532EBC5B00A}.Release|Any CPU.Build.0 = Release|Any CPU
		{8228827F-60B6-4006-BFCF-B7FDC077C427}.Debug|Any CPU.ActiveCfg = Debug|Any CPU
		{8228827F-60B6-4006-BFCF-B7FDC077C427}.Debug|Any CPU.Build.0 = Debug|Any CPU
		{8228827F-60B6-4006-BFCF-B7FDC077C427}.Release|Any CPU.ActiveCfg = Release|Any CPU
		{8228827F-60B6-4006-BFCF-B7FDC077C427}.Release|Any CPU.Build.0 = Release|Any CPU
		{A84C0E5E-31FD-4435-96A9-085F959BEF93}.Debug|Any CPU.ActiveCfg = Debug|Any CPU
		{A84C0E5E-31FD-4435-96A9-085F959BEF93}.Debug|Any CPU.Build.0 = Debug|Any CPU
		{A84C0E5E-31FD-4435-96A9-085F959BEF93}.Release|Any CPU.ActiveCfg = Release|Any CPU
		{A84C0E5E-31FD-4435-96A9-085F959BEF93}.Release|Any CPU.Build.0 = Release|Any CPU
	EndGlobalSection
	GlobalSection(SolutionProperties) = preSolution
		HideSolutionNode = FALSE
	EndGlobalSection
	GlobalSection(ExtensibilityGlobals) = postSolution
		SolutionGuid = {D14FB0CF-9F4B-4FEF-B6C1-48B2CAD88DCB}
	EndGlobalSection
EndGlobal
